// !$*UTF8*$!
{
	archiveVersion = 1;
	classes = {
	};
	objectVersion = 46;
	objects = {

/* Begin PBXBuildFile section */
		49182DF21BFFF8570033198A /* main.m in Sources */ = {isa = PBXBuildFile; fileRef = 49182DF11BFFF8570033198A /* main.m */; };
		49182DF51BFFF8570033198A /* AppDelegate.m in Sources */ = {isa = PBXBuildFile; fileRef = 49182DF41BFFF8570033198A /* AppDelegate.m */; };
		49182DF81BFFF8570033198A /* ViewController.m in Sources */ = {isa = PBXBuildFile; fileRef = 49182DF71BFFF8570033198A /* ViewController.m */; };
		49182DFB1BFFF8570033198A /* Main.storyboard in Resources */ = {isa = PBXBuildFile; fileRef = 49182DF91BFFF8570033198A /* Main.storyboard */; };
		49182DFD1BFFF8570033198A /* Assets.xcassets in Resources */ = {isa = PBXBuildFile; fileRef = 49182DFC1BFFF8570033198A /* Assets.xcassets */; };
		49182E001BFFF8570033198A /* LaunchScreen.storyboard in Resources */ = {isa = PBXBuildFile; fileRef = 49182DFE1BFFF8570033198A /* LaunchScreen.storyboard */; };
		49182E0B1BFFF8570033198A /* ____AFNetworking3_0Tests.m in Sources */ = {isa = PBXBuildFile; fileRef = 49182E0A1BFFF8570033198A /* ____AFNetworking3_0Tests.m */; };
		49182E161BFFF8570033198A /* ____AFNetworking3_0UITests.m in Sources */ = {isa = PBXBuildFile; fileRef = 49182E151BFFF8570033198A /* ____AFNetworking3_0UITests.m */; };
		7125C9C71C730FDB002DFEC8 /* AFHTTPSessionManager.m in Sources */ = {isa = PBXBuildFile; fileRef = 7125C9A61C730FDB002DFEC8 /* AFHTTPSessionManager.m */; };
		7125C9C81C730FDB002DFEC8 /* AFNetworkReachabilityManager.m in Sources */ = {isa = PBXBuildFile; fileRef = 7125C9A91C730FDB002DFEC8 /* AFNetworkReachabilityManager.m */; };
		7125C9C91C730FDB002DFEC8 /* AFSecurityPolicy.m in Sources */ = {isa = PBXBuildFile; fileRef = 7125C9AB1C730FDB002DFEC8 /* AFSecurityPolicy.m */; };
		7125C9CA1C730FDB002DFEC8 /* AFURLRequestSerialization.m in Sources */ = {isa = PBXBuildFile; fileRef = 7125C9AD1C730FDB002DFEC8 /* AFURLRequestSerialization.m */; };
		7125C9CB1C730FDB002DFEC8 /* AFURLResponseSerialization.m in Sources */ = {isa = PBXBuildFile; fileRef = 7125C9AF1C730FDB002DFEC8 /* AFURLResponseSerialization.m */; };
		7125C9CC1C730FDB002DFEC8 /* AFURLSessionManager.m in Sources */ = {isa = PBXBuildFile; fileRef = 7125C9B11C730FDB002DFEC8 /* AFURLSessionManager.m */; };
		7125C9CD1C730FDB002DFEC8 /* AFAutoPurgingImageCache.m in Sources */ = {isa = PBXBuildFile; fileRef = 7125C9B41C730FDB002DFEC8 /* AFAutoPurgingImageCache.m */; };
		7125C9CE1C730FDB002DFEC8 /* AFImageDownloader.m in Sources */ = {isa = PBXBuildFile; fileRef = 7125C9B61C730FDB002DFEC8 /* AFImageDownloader.m */; };
		7125C9CF1C730FDB002DFEC8 /* AFNetworkActivityIndicatorManager.m in Sources */ = {isa = PBXBuildFile; fileRef = 7125C9B81C730FDB002DFEC8 /* AFNetworkActivityIndicatorManager.m */; };
		7125C9D01C730FDB002DFEC8 /* UIActivityIndicatorView+AFNetworking.m in Sources */ = {isa = PBXBuildFile; fileRef = 7125C9BA1C730FDB002DFEC8 /* UIActivityIndicatorView+AFNetworking.m */; };
		7125C9D11C730FDB002DFEC8 /* UIButton+AFNetworking.m in Sources */ = {isa = PBXBuildFile; fileRef = 7125C9BC1C730FDB002DFEC8 /* UIButton+AFNetworking.m */; };
		7125C9D21C730FDB002DFEC8 /* UIImageView+AFNetworking.m in Sources */ = {isa = PBXBuildFile; fileRef = 7125C9BF1C730FDB002DFEC8 /* UIImageView+AFNetworking.m */; };
		7125C9D31C730FDB002DFEC8 /* UIProgressView+AFNetworking.m in Sources */ = {isa = PBXBuildFile; fileRef = 7125C9C21C730FDB002DFEC8 /* UIProgressView+AFNetworking.m */; };
		7125C9D41C730FDB002DFEC8 /* UIRefreshControl+AFNetworking.m in Sources */ = {isa = PBXBuildFile; fileRef = 7125C9C41C730FDB002DFEC8 /* UIRefreshControl+AFNetworking.m */; };
		7125C9D51C730FDB002DFEC8 /* UIWebView+AFNetworking.m in Sources */ = {isa = PBXBuildFile; fileRef = 7125C9C61C730FDB002DFEC8 /* UIWebView+AFNetworking.m */; };
		7125C9D81C731020002DFEC8 /* HTTPTOOL.m in Sources */ = {isa = PBXBuildFile; fileRef = 7125C9D71C731020002DFEC8 /* HTTPTOOL.m */; };
/* End PBXBuildFile section */

/* Begin PBXContainerItemProxy section */
		49182E071BFFF8570033198A /* PBXContainerItemProxy */ = {
			isa = PBXContainerItemProxy;
			containerPortal = 49182DE51BFFF8570033198A /* Project object */;
			proxyType = 1;
			remoteGlobalIDString = 49182DEC1BFFF8570033198A;
			remoteInfo = "二次封装AFNetworking3.0";
		};
		49182E121BFFF8570033198A /* PBXContainerItemProxy */ = {
			isa = PBXContainerItemProxy;
			containerPortal = 49182DE51BFFF8570033198A /* Project object */;
			proxyType = 1;
			remoteGlobalIDString = 49182DEC1BFFF8570033198A;
			remoteInfo = "二次封装AFNetworking3.0";
		};
/* End PBXContainerItemProxy section */

/* Begin PBXFileReference section */
		49182DED1BFFF8570033198A /* 二次封装AFNetworking3.0.app */ = {isa = PBXFileReference; explicitFileType = wrapper.application; includeInIndex = 0; path = "二次封装AFNetworking3.0.app"; sourceTree = BUILT_PRODUCTS_DIR; };
		49182DF11BFFF8570033198A /* main.m */ = {isa = PBXFileReference; lastKnownFileType = sourcecode.c.objc; path = main.m; sourceTree = "<group>"; };
		49182DF31BFFF8570033198A /* AppDelegate.h */ = {isa = PBXFileReference; lastKnownFileType = sourcecode.c.h; path = AppDelegate.h; sourceTree = "<group>"; };
		49182DF41BFFF8570033198A /* AppDelegate.m */ = {isa = PBXFileReference; lastKnownFileType = sourcecode.c.objc; path = AppDelegate.m; sourceTree = "<group>"; };
		49182DF61BFFF8570033198A /* ViewController.h */ = {isa = PBXFileReference; lastKnownFileType = sourcecode.c.h; path = ViewController.h; sourceTree = "<group>"; };
		49182DF71BFFF8570033198A /* ViewController.m */ = {isa = PBXFileReference; lastKnownFileType = sourcecode.c.objc; path = ViewController.m; sourceTree = "<group>"; };
		49182DFA1BFFF8570033198A /* Base */ = {isa = PBXFileReference; lastKnownFileType = file.storyboard; name = Base; path = Base.lproj/Main.storyboard; sourceTree = "<group>"; };
		49182DFC1BFFF8570033198A /* Assets.xcassets */ = {isa = PBXFileReference; lastKnownFileType = folder.assetcatalog; path = Assets.xcassets; sourceTree = "<group>"; };
		49182DFF1BFFF8570033198A /* Base */ = {isa = PBXFileReference; lastKnownFileType = file.storyboard; name = Base; path = Base.lproj/LaunchScreen.storyboard; sourceTree = "<group>"; };
		49182E011BFFF8570033198A /* Info.plist */ = {isa = PBXFileReference; lastKnownFileType = text.plist.xml; path = Info.plist; sourceTree = "<group>"; };
		49182E061BFFF8570033198A /* 二次封装AFNetworking3.0Tests.xctest */ = {isa = PBXFileReference; explicitFileType = wrapper.cfbundle; includeInIndex = 0; path = "二次封装AFNetworking3.0Tests.xctest"; sourceTree = BUILT_PRODUCTS_DIR; };
		49182E0A1BFFF8570033198A /* ____AFNetworking3_0Tests.m */ = {isa = PBXFileReference; lastKnownFileType = sourcecode.c.objc; path = "____AFNetworking3_0Tests.m"; sourceTree = "<group>"; };
		49182E0C1BFFF8570033198A /* Info.plist */ = {isa = PBXFileReference; lastKnownFileType = text.plist.xml; path = Info.plist; sourceTree = "<group>"; };
		49182E111BFFF8570033198A /* 二次封装AFNetworking3.0UITests.xctest */ = {isa = PBXFileReference; explicitFileType = wrapper.cfbundle; includeInIndex = 0; path = "二次封装AFNetworking3.0UITests.xctest"; sourceTree = BUILT_PRODUCTS_DIR; };
		49182E151BFFF8570033198A /* ____AFNetworking3_0UITests.m */ = {isa = PBXFileReference; lastKnownFileType = sourcecode.c.objc; path = "____AFNetworking3_0UITests.m"; sourceTree = "<group>"; };
		49182E171BFFF8570033198A /* Info.plist */ = {isa = PBXFileReference; lastKnownFileType = text.plist.xml; path = Info.plist; sourceTree = "<group>"; };
		7125C9A51C730FDB002DFEC8 /* AFHTTPSessionManager.h */ = {isa = PBXFileReference; fileEncoding = 4; lastKnownFileType = sourcecode.c.h; path = AFHTTPSessionManager.h; sourceTree = "<group>"; };
		7125C9A61C730FDB002DFEC8 /* AFHTTPSessionManager.m */ = {isa = PBXFileReference; fileEncoding = 4; lastKnownFileType = sourcecode.c.objc; path = AFHTTPSessionManager.m; sourceTree = "<group>"; };
		7125C9A71C730FDB002DFEC8 /* AFNetworking.h */ = {isa = PBXFileReference; fileEncoding = 4; lastKnownFileType = sourcecode.c.h; path = AFNetworking.h; sourceTree = "<group>"; };
		7125C9A81C730FDB002DFEC8 /* AFNetworkReachabilityManager.h */ = {isa = PBXFileReference; fileEncoding = 4; lastKnownFileType = sourcecode.c.h; path = AFNetworkReachabilityManager.h; sourceTree = "<group>"; };
		7125C9A91C730FDB002DFEC8 /* AFNetworkReachabilityManager.m */ = {isa = PBXFileReference; fileEncoding = 4; lastKnownFileType = sourcecode.c.objc; path = AFNetworkReachabilityManager.m; sourceTree = "<group>"; };
		7125C9AA1C730FDB002DFEC8 /* AFSecurityPolicy.h */ = {isa = PBXFileReference; fileEncoding = 4; lastKnownFileType = sourcecode.c.h; path = AFSecurityPolicy.h; sourceTree = "<group>"; };
		7125C9AB1C730FDB002DFEC8 /* AFSecurityPolicy.m */ = {isa = PBXFileReference; fileEncoding = 4; lastKnownFileType = sourcecode.c.objc; path = AFSecurityPolicy.m; sourceTree = "<group>"; };
		7125C9AC1C730FDB002DFEC8 /* AFURLRequestSerialization.h */ = {isa = PBXFileReference; fileEncoding = 4; lastKnownFileType = sourcecode.c.h; path = AFURLRequestSerialization.h; sourceTree = "<group>"; };
		7125C9AD1C730FDB002DFEC8 /* AFURLRequestSerialization.m */ = {isa = PBXFileReference; fileEncoding = 4; lastKnownFileType = sourcecode.c.objc; path = AFURLRequestSerialization.m; sourceTree = "<group>"; };
		7125C9AE1C730FDB002DFEC8 /* AFURLResponseSerialization.h */ = {isa = PBXFileReference; fileEncoding = 4; lastKnownFileType = sourcecode.c.h; path = AFURLResponseSerialization.h; sourceTree = "<group>"; };
		7125C9AF1C730FDB002DFEC8 /* AFURLResponseSerialization.m */ = {isa = PBXFileReference; fileEncoding = 4; lastKnownFileType = sourcecode.c.objc; path = AFURLResponseSerialization.m; sourceTree = "<group>"; };
		7125C9B01C730FDB002DFEC8 /* AFURLSessionManager.h */ = {isa = PBXFileReference; fileEncoding = 4; lastKnownFileType = sourcecode.c.h; path = AFURLSessionManager.h; sourceTree = "<group>"; };
		7125C9B11C730FDB002DFEC8 /* AFURLSessionManager.m */ = {isa = PBXFileReference; fileEncoding = 4; lastKnownFileType = sourcecode.c.objc; path = AFURLSessionManager.m; sourceTree = "<group>"; };
		7125C9B31C730FDB002DFEC8 /* AFAutoPurgingImageCache.h */ = {isa = PBXFileReference; fileEncoding = 4; lastKnownFileType = sourcecode.c.h; path = AFAutoPurgingImageCache.h; sourceTree = "<group>"; };
		7125C9B41C730FDB002DFEC8 /* AFAutoPurgingImageCache.m */ = {isa = PBXFileReference; fileEncoding = 4; lastKnownFileType = sourcecode.c.objc; path = AFAutoPurgingImageCache.m; sourceTree = "<group>"; };
		7125C9B51C730FDB002DFEC8 /* AFImageDownloader.h */ = {isa = PBXFileReference; fileEncoding = 4; lastKnownFileType = sourcecode.c.h; path = AFImageDownloader.h; sourceTree = "<group>"; };
		7125C9B61C730FDB002DFEC8 /* AFImageDownloader.m */ = {isa = PBXFileReference; fileEncoding = 4; lastKnownFileType = sourcecode.c.objc; path = AFImageDownloader.m; sourceTree = "<group>"; };
		7125C9B71C730FDB002DFEC8 /* AFNetworkActivityIndicatorManager.h */ = {isa = PBXFileReference; fileEncoding = 4; lastKnownFileType = sourcecode.c.h; path = AFNetworkActivityIndicatorManager.h; sourceTree = "<group>"; };
		7125C9B81C730FDB002DFEC8 /* AFNetworkActivityIndicatorManager.m */ = {isa = PBXFileReference; fileEncoding = 4; lastKnownFileType = sourcecode.c.objc; path = AFNetworkActivityIndicatorManager.m; sourceTree = "<group>"; };
		7125C9B91C730FDB002DFEC8 /* UIActivityIndicatorView+AFNetworking.h */ = {isa = PBXFileReference; fileEncoding = 4; lastKnownFileType = sourcecode.c.h; path = "UIActivityIndicatorView+AFNetworking.h"; sourceTree = "<group>"; };
		7125C9BA1C730FDB002DFEC8 /* UIActivityIndicatorView+AFNetworking.m */ = {isa = PBXFileReference; fileEncoding = 4; lastKnownFileType = sourcecode.c.objc; path = "UIActivityIndicatorView+AFNetworking.m"; sourceTree = "<group>"; };
		7125C9BB1C730FDB002DFEC8 /* UIButton+AFNetworking.h */ = {isa = PBXFileReference; fileEncoding = 4; lastKnownFileType = sourcecode.c.h; path = "UIButton+AFNetworking.h"; sourceTree = "<group>"; };
		7125C9BC1C730FDB002DFEC8 /* UIButton+AFNetworking.m */ = {isa = PBXFileReference; fileEncoding = 4; lastKnownFileType = sourcecode.c.objc; path = "UIButton+AFNetworking.m"; sourceTree = "<group>"; };
		7125C9BD1C730FDB002DFEC8 /* UIImage+AFNetworking.h */ = {isa = PBXFileReference; fileEncoding = 4; lastKnownFileType = sourcecode.c.h; path = "UIImage+AFNetworking.h"; sourceTree = "<group>"; };
		7125C9BE1C730FDB002DFEC8 /* UIImageView+AFNetworking.h */ = {isa = PBXFileReference; fileEncoding = 4; lastKnownFileType = sourcecode.c.h; path = "UIImageView+AFNetworking.h"; sourceTree = "<group>"; };
		7125C9BF1C730FDB002DFEC8 /* UIImageView+AFNetworking.m */ = {isa = PBXFileReference; fileEncoding = 4; lastKnownFileType = sourcecode.c.objc; path = "UIImageView+AFNetworking.m"; sourceTree = "<group>"; };
		7125C9C01C730FDB002DFEC8 /* UIKit+AFNetworking.h */ = {isa = PBXFileReference; fileEncoding = 4; lastKnownFileType = sourcecode.c.h; path = "UIKit+AFNetworking.h"; sourceTree = "<group>"; };
		7125C9C11C730FDB002DFEC8 /* UIProgressView+AFNetworking.h */ = {isa = PBXFileReference; fileEncoding = 4; lastKnownFileType = sourcecode.c.h; path = "UIProgressView+AFNetworking.h"; sourceTree = "<group>"; };
		7125C9C21C730FDB002DFEC8 /* UIProgressView+AFNetworking.m */ = {isa = PBXFileReference; fileEncoding = 4; lastKnownFileType = sourcecode.c.objc; path = "UIProgressView+AFNetworking.m"; sourceTree = "<group>"; };
		7125C9C31C730FDB002DFEC8 /* UIRefreshControl+AFNetworking.h */ = {isa = PBXFileReference; fileEncoding = 4; lastKnownFileType = sourcecode.c.h; path = "UIRefreshControl+AFNetworking.h"; sourceTree = "<group>"; };
		7125C9C41C730FDB002DFEC8 /* UIRefreshControl+AFNetworking.m */ = {isa = PBXFileReference; fileEncoding = 4; lastKnownFileType = sourcecode.c.objc; path = "UIRefreshControl+AFNetworking.m"; sourceTree = "<group>"; };
		7125C9C51C730FDB002DFEC8 /* UIWebView+AFNetworking.h */ = {isa = PBXFileReference; fileEncoding = 4; lastKnownFileType = sourcecode.c.h; path = "UIWebView+AFNetworking.h"; sourceTree = "<group>"; };
		7125C9C61C730FDB002DFEC8 /* UIWebView+AFNetworking.m */ = {isa = PBXFileReference; fileEncoding = 4; lastKnownFileType = sourcecode.c.objc; path = "UIWebView+AFNetworking.m"; sourceTree = "<group>"; };
		7125C9D61C731020002DFEC8 /* HTTPTOOL.h */ = {isa = PBXFileReference; fileEncoding = 4; lastKnownFileType = sourcecode.c.h; name = HTTPTOOL.h; path = "UIKit+AFNetworking/HTTPTOOL.h"; sourceTree = "<group>"; };
		7125C9D71C731020002DFEC8 /* HTTPTOOL.m */ = {isa = PBXFileReference; fileEncoding = 4; lastKnownFileType = sourcecode.c.objc; name = HTTPTOOL.m; path = "UIKit+AFNetworking/HTTPTOOL.m"; sourceTree = "<group>"; };
/* End PBXFileReference section */

/* Begin PBXFrameworksBuildPhase section */
		49182DEA1BFFF8570033198A /* Frameworks */ = {
			isa = PBXFrameworksBuildPhase;
			buildActionMask = 2147483647;
			files = (
			);
			runOnlyForDeploymentPostprocessing = 0;
		};
		49182E031BFFF8570033198A /* Frameworks */ = {
			isa = PBXFrameworksBuildPhase;
			buildActionMask = 2147483647;
			files = (
			);
			runOnlyForDeploymentPostprocessing = 0;
		};
		49182E0E1BFFF8570033198A /* Frameworks */ = {
			isa = PBXFrameworksBuildPhase;
			buildActionMask = 2147483647;
			files = (
			);
			runOnlyForDeploymentPostprocessing = 0;
		};
/* End PBXFrameworksBuildPhase section */

/* Begin PBXGroup section */
		49182DE41BFFF8570033198A = {
			isa = PBXGroup;
			children = (
				49182DEF1BFFF8570033198A /* 二次封装AFNetworking3.0 */,
				49182E091BFFF8570033198A /* 二次封装AFNetworking3.0Tests */,
				49182E141BFFF8570033198A /* 二次封装AFNetworking3.0UITests */,
				49182DEE1BFFF8570033198A /* Products */,
			);
			sourceTree = "<group>";
		};
		49182DEE1BFFF8570033198A /* Products */ = {
			isa = PBXGroup;
			children = (
				49182DED1BFFF8570033198A /* 二次封装AFNetworking3.0.app */,
				49182E061BFFF8570033198A /* 二次封装AFNetworking3.0Tests.xctest */,
				49182E111BFFF8570033198A /* 二次封装AFNetworking3.0UITests.xctest */,
			);
			name = Products;
			sourceTree = "<group>";
		};
		49182DEF1BFFF8570033198A /* 二次封装AFNetworking3.0 */ = {
			isa = PBXGroup;
			children = (
				7125C9A41C730FDB002DFEC8 /* AFNetworking */,
				7125C9D61C731020002DFEC8 /* HTTPTOOL.h */,
				7125C9D71C731020002DFEC8 /* HTTPTOOL.m */,
				7125C9B21C730FDB002DFEC8 /* UIKit+AFNetworking */,
				49182DF31BFFF8570033198A /* AppDelegate.h */,
				49182DF41BFFF8570033198A /* AppDelegate.m */,
				49182DF61BFFF8570033198A /* ViewController.h */,
				49182DF71BFFF8570033198A /* ViewController.m */,
				49182DF91BFFF8570033198A /* Main.storyboard */,
				49182DFC1BFFF8570033198A /* Assets.xcassets */,
				49182DFE1BFFF8570033198A /* LaunchScreen.storyboard */,
				49182E011BFFF8570033198A /* Info.plist */,
				49182DF01BFFF8570033198A /* Supporting Files */,
			);
			path = "二次封装AFNetworking3.0";
			sourceTree = "<group>";
		};
		49182DF01BFFF8570033198A /* Supporting Files */ = {
			isa = PBXGroup;
			children = (
				49182DF11BFFF8570033198A /* main.m */,
			);
			name = "Supporting Files";
			sourceTree = "<group>";
		};
		49182E091BFFF8570033198A /* 二次封装AFNetworking3.0Tests */ = {
			isa = PBXGroup;
			children = (
				49182E0A1BFFF8570033198A /* ____AFNetworking3_0Tests.m */,
				49182E0C1BFFF8570033198A /* Info.plist */,
			);
			path = "二次封装AFNetworking3.0Tests";
			sourceTree = "<group>";
		};
		49182E141BFFF8570033198A /* 二次封装AFNetworking3.0UITests */ = {
			isa = PBXGroup;
			children = (
				49182E151BFFF8570033198A /* ____AFNetworking3_0UITests.m */,
				49182E171BFFF8570033198A /* Info.plist */,
			);
			path = "二次封装AFNetworking3.0UITests";
			sourceTree = "<group>";
		};
		7125C9A41C730FDB002DFEC8 /* AFNetworking */ = {
			isa = PBXGroup;
			children = (
				7125C9A51C730FDB002DFEC8 /* AFHTTPSessionManager.h */,
				7125C9A61C730FDB002DFEC8 /* AFHTTPSessionManager.m */,
				7125C9A71C730FDB002DFEC8 /* AFNetworking.h */,
				7125C9A81C730FDB002DFEC8 /* AFNetworkReachabilityManager.h */,
				7125C9A91C730FDB002DFEC8 /* AFNetworkReachabilityManager.m */,
				7125C9AA1C730FDB002DFEC8 /* AFSecurityPolicy.h */,
				7125C9AB1C730FDB002DFEC8 /* AFSecurityPolicy.m */,
				7125C9AC1C730FDB002DFEC8 /* AFURLRequestSerialization.h */,
				7125C9AD1C730FDB002DFEC8 /* AFURLRequestSerialization.m */,
				7125C9AE1C730FDB002DFEC8 /* AFURLResponseSerialization.h */,
				7125C9AF1C730FDB002DFEC8 /* AFURLResponseSerialization.m */,
				7125C9B01C730FDB002DFEC8 /* AFURLSessionManager.h */,
				7125C9B11C730FDB002DFEC8 /* AFURLSessionManager.m */,
			);
			path = AFNetworking;
			sourceTree = "<group>";
		};
		7125C9B21C730FDB002DFEC8 /* UIKit+AFNetworking */ = {
			isa = PBXGroup;
			children = (
				7125C9B31C730FDB002DFEC8 /* AFAutoPurgingImageCache.h */,
				7125C9B41C730FDB002DFEC8 /* AFAutoPurgingImageCache.m */,
				7125C9B51C730FDB002DFEC8 /* AFImageDownloader.h */,
				7125C9B61C730FDB002DFEC8 /* AFImageDownloader.m */,
				7125C9B71C730FDB002DFEC8 /* AFNetworkActivityIndicatorManager.h */,
				7125C9B81C730FDB002DFEC8 /* AFNetworkActivityIndicatorManager.m */,
				7125C9B91C730FDB002DFEC8 /* UIActivityIndicatorView+AFNetworking.h */,
				7125C9BA1C730FDB002DFEC8 /* UIActivityIndicatorView+AFNetworking.m */,
				7125C9BB1C730FDB002DFEC8 /* UIButton+AFNetworking.h */,
				7125C9BC1C730FDB002DFEC8 /* UIButton+AFNetworking.m */,
				7125C9BD1C730FDB002DFEC8 /* UIImage+AFNetworking.h */,
				7125C9BE1C730FDB002DFEC8 /* UIImageView+AFNetworking.h */,
				7125C9BF1C730FDB002DFEC8 /* UIImageView+AFNetworking.m */,
				7125C9C01C730FDB002DFEC8 /* UIKit+AFNetworking.h */,
				7125C9C11C730FDB002DFEC8 /* UIProgressView+AFNetworking.h */,
				7125C9C21C730FDB002DFEC8 /* UIProgressView+AFNetworking.m */,
				7125C9C31C730FDB002DFEC8 /* UIRefreshControl+AFNetworking.h */,
				7125C9C41C730FDB002DFEC8 /* UIRefreshControl+AFNetworking.m */,
				7125C9C51C730FDB002DFEC8 /* UIWebView+AFNetworking.h */,
				7125C9C61C730FDB002DFEC8 /* UIWebView+AFNetworking.m */,
			);
			path = "UIKit+AFNetworking";
			sourceTree = "<group>";
		};
/* End PBXGroup section */

/* Begin PBXNativeTarget section */
		49182DEC1BFFF8570033198A /* 二次封装AFNetworking3.0 */ = {
			isa = PBXNativeTarget;
			buildConfigurationList = 49182E1A1BFFF8570033198A /* Build configuration list for PBXNativeTarget "二次封装AFNetworking3.0" */;
			buildPhases = (
				49182DE91BFFF8570033198A /* Sources */,
				49182DEA1BFFF8570033198A /* Frameworks */,
				49182DEB1BFFF8570033198A /* Resources */,
			);
			buildRules = (
			);
			dependencies = (
			);
			name = "二次封装AFNetworking3.0";
			productName = "二次封装AFNetworking3.0";
			productReference = 49182DED1BFFF8570033198A /* 二次封装AFNetworking3.0.app */;
			productType = "com.apple.product-type.application";
		};
		49182E051BFFF8570033198A /* 二次封装AFNetworking3.0Tests */ = {
			isa = PBXNativeTarget;
			buildConfigurationList = 49182E1D1BFFF8570033198A /* Build configuration list for PBXNativeTarget "二次封装AFNetworking3.0Tests" */;
			buildPhases = (
				49182E021BFFF8570033198A /* Sources */,
				49182E031BFFF8570033198A /* Frameworks */,
				49182E041BFFF8570033198A /* Resources */,
			);
			buildRules = (
			);
			dependencies = (
				49182E081BFFF8570033198A /* PBXTargetDependency */,
			);
			name = "二次封装AFNetworking3.0Tests";
			productName = "二次封装AFNetworking3.0Tests";
			productReference = 49182E061BFFF8570033198A /* 二次封装AFNetworking3.0Tests.xctest */;
			productType = "com.apple.product-type.bundle.unit-test";
		};
		49182E101BFFF8570033198A /* 二次封装AFNetworking3.0UITests */ = {
			isa = PBXNativeTarget;
			buildConfigurationList = 49182E201BFFF8570033198A /* Build configuration list for PBXNativeTarget "二次封装AFNetworking3.0UITests" */;
			buildPhases = (
				49182E0D1BFFF8570033198A /* Sources */,
				49182E0E1BFFF8570033198A /* Frameworks */,
				49182E0F1BFFF8570033198A /* Resources */,
			);
			buildRules = (
			);
			dependencies = (
				49182E131BFFF8570033198A /* PBXTargetDependency */,
			);
			name = "二次封装AFNetworking3.0UITests";
			productName = "二次封装AFNetworking3.0UITests";
			productReference = 49182E111BFFF8570033198A /* 二次封装AFNetworking3.0UITests.xctest */;
			productType = "com.apple.product-type.bundle.ui-testing";
		};
/* End PBXNativeTarget section */

/* Begin PBXProject section */
		49182DE51BFFF8570033198A /* Project object */ = {
			isa = PBXProject;
			attributes = {
				LastUpgradeCheck = 0700;
				ORGANIZATIONNAME = GYQ;
				TargetAttributes = {
					49182DEC1BFFF8570033198A = {
						CreatedOnToolsVersion = 7.0;
					};
					49182E051BFFF8570033198A = {
						CreatedOnToolsVersion = 7.0;
						TestTargetID = 49182DEC1BFFF8570033198A;
					};
					49182E101BFFF8570033198A = {
						CreatedOnToolsVersion = 7.0;
						TestTargetID = 49182DEC1BFFF8570033198A;
					};
				};
			};
			buildConfigurationList = 49182DE81BFFF8570033198A /* Build configuration list for PBXProject "二次封装AFNetworking3.0" */;
			compatibilityVersion = "Xcode 3.2";
			developmentRegion = English;
			hasScannedForEncodings = 0;
			knownRegions = (
				en,
				Base,
			);
			mainGroup = 49182DE41BFFF8570033198A;
			productRefGroup = 49182DEE1BFFF8570033198A /* Products */;
			projectDirPath = "";
			projectRoot = "";
			targets = (
				49182DEC1BFFF8570033198A /* 二次封装AFNetworking3.0 */,
				49182E051BFFF8570033198A /* 二次封装AFNetworking3.0Tests */,
				49182E101BFFF8570033198A /* 二次封装AFNetworking3.0UITests */,
			);
		};
/* End PBXProject section */

/* Begin PBXResourcesBuildPhase section */
		49182DEB1BFFF8570033198A /* Resources */ = {
			isa = PBXResourcesBuildPhase;
			buildActionMask = 2147483647;
			files = (
				49182E001BFFF8570033198A /* LaunchScreen.storyboard in Resources */,
				49182DFD1BFFF8570033198A /* Assets.xcassets in Resources */,
				49182DFB1BFFF8570033198A /* Main.storyboard in Resources */,
			);
			runOnlyForDeploymentPostprocessing = 0;
		};
		49182E041BFFF8570033198A /* Resources */ = {
			isa = PBXResourcesBuildPhase;
			buildActionMask = 2147483647;
			files = (
			);
			runOnlyForDeploymentPostprocessing = 0;
		};
		49182E0F1BFFF8570033198A /* Resources */ = {
			isa = PBXResourcesBuildPhase;
			buildActionMask = 2147483647;
			files = (
			);
			runOnlyForDeploymentPostprocessing = 0;
		};
/* End PBXResourcesBuildPhase section */

/* Begin PBXSourcesBuildPhase section */
		49182DE91BFFF8570033198A /* Sources */ = {
			isa = PBXSourcesBuildPhase;
			buildActionMask = 2147483647;
			files = (
				7125C9D31C730FDB002DFEC8 /* UIProgressView+AFNetworking.m in Sources */,
				7125C9CC1C730FDB002DFEC8 /* AFURLSessionManager.m in Sources */,
				7125C9D51C730FDB002DFEC8 /* UIWebView+AFNetworking.m in Sources */,
				7125C9D21C730FDB002DFEC8 /* UIImageView+AFNetworking.m in Sources */,
				49182DF81BFFF8570033198A /* ViewController.m in Sources */,
				7125C9D11C730FDB002DFEC8 /* UIButton+AFNetworking.m in Sources */,
				49182DF51BFFF8570033198A /* AppDelegate.m in Sources */,
				7125C9C81C730FDB002DFEC8 /* AFNetworkReachabilityManager.m in Sources */,
				7125C9D41C730FDB002DFEC8 /* UIRefreshControl+AFNetworking.m in Sources */,
				49182DF21BFFF8570033198A /* main.m in Sources */,
				7125C9CD1C730FDB002DFEC8 /* AFAutoPurgingImageCache.m in Sources */,
				7125C9C91C730FDB002DFEC8 /* AFSecurityPolicy.m in Sources */,
				7125C9CA1C730FDB002DFEC8 /* AFURLRequestSerialization.m in Sources */,
				7125C9CF1C730FDB002DFEC8 /* AFNetworkActivityIndicatorManager.m in Sources */,
				7125C9CB1C730FDB002DFEC8 /* AFURLResponseSerialization.m in Sources */,
				7125C9C71C730FDB002DFEC8 /* AFHTTPSessionManager.m in Sources */,
				7125C9CE1C730FDB002DFEC8 /* AFImageDownloader.m in Sources */,
				7125C9D01C730FDB002DFEC8 /* UIActivityIndicatorView+AFNetworking.m in Sources */,
				7125C9D81C731020002DFEC8 /* HTTPTOOL.m in Sources */,
			);
			runOnlyForDeploymentPostprocessing = 0;
		};
		49182E021BFFF8570033198A /* Sources */ = {
			isa = PBXSourcesBuildPhase;
			buildActionMask = 2147483647;
			files = (
				49182E0B1BFFF8570033198A /* ____AFNetworking3_0Tests.m in Sources */,
			);
			runOnlyForDeploymentPostprocessing = 0;
		};
		49182E0D1BFFF8570033198A /* Sources */ = {
			isa = PBXSourcesBuildPhase;
			buildActionMask = 2147483647;
			files = (
				49182E161BFFF8570033198A /* ____AFNetworking3_0UITests.m in Sources */,
			);
			runOnlyForDeploymentPostprocessing = 0;
		};
/* End PBXSourcesBuildPhase section */

/* Begin PBXTargetDependency section */
		49182E081BFFF8570033198A /* PBXTargetDependency */ = {
			isa = PBXTargetDependency;
			target = 49182DEC1BFFF8570033198A /* 二次封装AFNetworking3.0 */;
			targetProxy = 49182E071BFFF8570033198A /* PBXContainerItemProxy */;
		};
		49182E131BFFF8570033198A /* PBXTargetDependency */ = {
			isa = PBXTargetDependency;
			target = 49182DEC1BFFF8570033198A /* 二次封装AFNetworking3.0 */;
			targetProxy = 49182E121BFFF8570033198A /* PBXContainerItemProxy */;
		};
/* End PBXTargetDependency section */

/* Begin PBXVariantGroup section */
		49182DF91BFFF8570033198A /* Main.storyboard */ = {
			isa = PBXVariantGroup;
			children = (
				49182DFA1BFFF8570033198A /* Base */,
			);
			name = Main.storyboard;
			sourceTree = "<group>";
		};
		49182DFE1BFFF8570033198A /* LaunchScreen.storyboard */ = {
			isa = PBXVariantGroup;
			children = (
				49182DFF1BFFF8570033198A /* Base */,
			);
			name = LaunchScreen.storyboard;
			sourceTree = "<group>";
		};
/* End PBXVariantGroup section */

/* Begin XCBuildConfiguration section */
		49182E181BFFF8570033198A /* Debug */ = {
			isa = XCBuildConfiguration;
			buildSettings = {
				ALWAYS_SEARCH_USER_PATHS = NO;
				CLANG_CXX_LANGUAGE_STANDARD = "gnu++0x";
				CLANG_CXX_LIBRARY = "libc++";
				CLANG_ENABLE_MODULES = YES;
				CLANG_ENABLE_OBJC_ARC = YES;
				CLANG_WARN_BOOL_CONVERSION = YES;
				CLANG_WARN_CONSTANT_CONVERSION = YES;
				CLANG_WARN_DIRECT_OBJC_ISA_USAGE = YES_ERROR;
				CLANG_WARN_EMPTY_BODY = YES;
				CLANG_WARN_ENUM_CONVERSION = YES;
				CLANG_WARN_INT_CONVERSION = YES;
				CLANG_WARN_OBJC_ROOT_CLASS = YES_ERROR;
				CLANG_WARN_UNREACHABLE_CODE = YES;
				CLANG_WARN__DUPLICATE_METHOD_MATCH = YES;
				"CODE_SIGN_IDENTITY[sdk=iphoneos*]" = "iPhone Developer";
				COPY_PHASE_STRIP = NO;
				DEBUG_INFORMATION_FORMAT = dwarf;
				ENABLE_STRICT_OBJC_MSGSEND = YES;
				ENABLE_TESTABILITY = YES;
				GCC_C_LANGUAGE_STANDARD = gnu99;
				GCC_DYNAMIC_NO_PIC = NO;
				GCC_NO_COMMON_BLOCKS = YES;
				GCC_OPTIMIZATION_LEVEL = 0;
				GCC_PREPROCESSOR_DEFINITIONS = (
					"DEBUG=1",
					"$(inherited)",
				);
				GCC_WARN_64_TO_32_BIT_CONVERSION = YES;
				GCC_WARN_ABOUT_RETURN_TYPE = YES_ERROR;
				GCC_WARN_UNDECLARED_SELECTOR = YES;
				GCC_WARN_UNINITIALIZED_AUTOS = YES_AGGRESSIVE;
				GCC_WARN_UNUSED_FUNCTION = YES;
				GCC_WARN_UNUSED_VARIABLE = YES;
				IPHONEOS_DEPLOYMENT_TARGET = 9.0;
				MTL_ENABLE_DEBUG_INFO = YES;
				ONLY_ACTIVE_ARCH = YES;
				SDKROOT = iphoneos;
			};
			name = Debug;
		};
		49182E191BFFF8570033198A /* Release */ = {
			isa = XCBuildConfiguration;
			buildSettings = {
				ALWAYS_SEARCH_USER_PATHS = NO;
				CLANG_CXX_LANGUAGE_STANDARD = "gnu++0x";
				CLANG_CXX_LIBRARY = "libc++";
				CLANG_ENABLE_MODULES = YES;
				CLANG_ENABLE_OBJC_ARC = YES;
				CLANG_WARN_BOOL_CONVERSION = YES;
				CLANG_WARN_CONSTANT_CONVERSION = YES;
				CLANG_WARN_DIRECT_OBJC_ISA_USAGE = YES_ERROR;
				CLANG_WARN_EMPTY_BODY = YES;
				CLANG_WARN_ENUM_CONVERSION = YES;
				CLANG_WARN_INT_CONVERSION = YES;
				CLANG_WARN_OBJC_ROOT_CLASS = YES_ERROR;
				CLANG_WARN_UNREACHABLE_CODE = YES;
				CLANG_WARN__DUPLICATE_METHOD_MATCH = YES;
				"CODE_SIGN_IDENTITY[sdk=iphoneos*]" = "iPhone Developer";
				COPY_PHASE_STRIP = NO;
				DEBUG_INFORMATION_FORMAT = "dwarf-with-dsym";
				ENABLE_NS_ASSERTIONS = NO;
				ENABLE_STRICT_OBJC_MSGSEND = YES;
				GCC_C_LANGUAGE_STANDARD = gnu99;
				GCC_NO_COMMON_BLOCKS = YES;
				GCC_WARN_64_TO_32_BIT_CONVERSION = YES;
				GCC_WARN_ABOUT_RETURN_TYPE = YES_ERROR;
				GCC_WARN_UNDECLARED_SELECTOR = YES;
				GCC_WARN_UNINITIALIZED_AUTOS = YES_AGGRESSIVE;
				GCC_WARN_UNUSED_FUNCTION = YES;
				GCC_WARN_UNUSED_VARIABLE = YES;
				IPHONEOS_DEPLOYMENT_TARGET = 9.0;
				MTL_ENABLE_DEBUG_INFO = NO;
				SDKROOT = iphoneos;
				VALIDATE_PRODUCT = YES;
			};
			name = Release;
		};
		49182E1B1BFFF8570033198A /* Debug */ = {
			isa = XCBuildConfiguration;
			buildSettings = {
				ASSETCATALOG_COMPILER_APPICON_NAME = AppIcon;
				INFOPLIST_FILE = "二次封装AFNetworking3.0/Info.plist";
				LD_RUNPATH_SEARCH_PATHS = "$(inherited) @executable_path/Frameworks";
				PRODUCT_BUNDLE_IDENTIFIER = "Git.----AFNetworking3-0";
				PRODUCT_NAME = "$(TARGET_NAME)";
			};
			name = Debug;
		};
		49182E1C1BFFF8570033198A /* Release */ = {
			isa = XCBuildConfiguration;
			buildSettings = {
				ASSETCATALOG_COMPILER_APPICON_NAME = AppIcon;
				INFOPLIST_FILE = "二次封装AFNetworking3.0/Info.plist";
				LD_RUNPATH_SEARCH_PATHS = "$(inherited) @executable_path/Frameworks";
				PRODUCT_BUNDLE_IDENTIFIER = "Git.----AFNetworking3-0";
				PRODUCT_NAME = "$(TARGET_NAME)";
			};
			name = Release;
		};
		49182E1E1BFFF8570033198A /* Debug */ = {
			isa = XCBuildConfiguration;
			buildSettings = {
				BUNDLE_LOADER = "$(TEST_HOST)";
				INFOPLIST_FILE = "二次封装AFNetworking3.0Tests/Info.plist";
				LD_RUNPATH_SEARCH_PATHS = "$(inherited) @executable_path/Frameworks @loader_path/Frameworks";
				PRODUCT_BUNDLE_IDENTIFIER = "Git.----AFNetworking3-0Tests";
				PRODUCT_NAME = "$(TARGET_NAME)";
				TEST_HOST = "$(BUILT_PRODUCTS_DIR)/二次封装AFNetworking3.0.app/二次封装AFNetworking3.0";
			};
			name = Debug;
		};
		49182E1F1BFFF8570033198A /* Release */ = {
			isa = XCBuildConfiguration;
			buildSettings = {
				BUNDLE_LOADER = "$(TEST_HOST)";
				INFOPLIST_FILE = "二次封装AFNetworking3.0Tests/Info.plist";
				LD_RUNPATH_SEARCH_PATHS = "$(inherited) @executable_path/Frameworks @loader_path/Frameworks";
				PRODUCT_BUNDLE_IDENTIFIER = "Git.----AFNetworking3-0Tests";
				PRODUCT_NAME = "$(TARGET_NAME)";
				TEST_HOST = "$(BUILT_PRODUCTS_DIR)/二次封装AFNetworking3.0.app/二次封装AFNetworking3.0";
			};
			name = Release;
		};
		49182E211BFFF8570033198A /* Debug */ = {
			isa = XCBuildConfiguration;
			buildSettings = {
				INFOPLIST_FILE = "二次封装AFNetworking3.0UITests/Info.plist";
				LD_RUNPATH_SEARCH_PATHS = "$(inherited) @executable_path/Frameworks @loader_path/Frameworks";
				PRODUCT_BUNDLE_IDENTIFIER = "Git.----AFNetworking3-0UITests";
				PRODUCT_NAME = "$(TARGET_NAME)";
				TEST_TARGET_NAME = "二次封装AFNetworking3.0";
				USES_XCTRUNNER = YES;
			};
			name = Debug;
		};
		49182E221BFFF8570033198A /* Release */ = {
			isa = XCBuildConfiguration;
			buildSettings = {
				INFOPLIST_FILE = "二次封装AFNetworking3.0UITests/Info.plist";
				LD_RUNPATH_SEARCH_PATHS = "$(inherited) @executable_path/Frameworks @loader_path/Frameworks";
				PRODUCT_BUNDLE_IDENTIFIER = "Git.----AFNetworking3-0UITests";
				PRODUCT_NAME = "$(TARGET_NAME)";
				TEST_TARGET_NAME = "二次封装AFNetworking3.0";
				USES_XCTRUNNER = YES;
			};
			name = Release;
		};
/* End XCBuildConfiguration section */

/* Begin XCConfigurationList section */
		49182DE81BFFF8570033198A /* Build configuration list for PBXProject "二次封装AFNetworking3.0" */ = {
			isa = XCConfigurationList;
			buildConfigurations = (
				49182E181BFFF8570033198A /* Debug */,
				49182E191BFFF8570033198A /* Release */,
			);
			defaultConfigurationIsVisible = 0;
			defaultConfigurationName = Release;
		};
		49182E1A1BFFF8570033198A /* Build configuration list for PBXNativeTarget "二次封装AFNetworking3.0" */ = {
			isa = XCConfigurationList;
			buildConfigurations = (
				49182E1B1BFFF8570033198A /* Debug */,
				49182E1C1BFFF8570033198A /* Release */,
			);
			defaultConfigurationIsVisible = 0;
			defaultConfigurationName = Release;
		};
		49182E1D1BFFF8570033198A /* Build configuration list for PBXNativeTarget "二次封装AFNetworking3.0Tests" */ = {
			isa = XCConfigurationList;
			buildConfigurations = (
				49182E1E1BFFF8570033198A /* Debug */,
				49182E1F1BFFF8570033198A /* Release */,
			);
			defaultConfigurationIsVisible = 0;
			defaultConfigurationName = Release;
		};
		49182E201BFFF8570033198A /* Build configuration list for PBXNativeTarget "二次封装AFNetworking3.0UITests" */ = {
			isa = XCConfigurationList;
			buildConfigurations = (
				49182E211BFFF8570033198A /* Debug */,
				49182E221BFFF8570033198A /* Release */,
			);
			defaultConfigurationIsVisible = 0;
			defaultConfigurationName = Release;
		};
/* End XCConfigurationList section */
	};
	rootObject = 49182DE51BFFF8570033198A /* Project object */;
}
